
Microsoft Visual Studio Solution File, Format Version 12.00
# Visual Studio Version 16
VisualStudioVersion = 16.0.31321.278
MinimumVisualStudioVersion = 10.0.40219.1
Project("{9A19103F-16F7-4668-BE54-9A1E7A4F7556}") = "MVVMProject", "LearnProject\MVVMProject.csproj", "{E8C20B51-E13B-4F92-97BF-115241643696}"
EndProject
Project("{9A19103F-16F7-4668-BE54-9A1E7A4F7556}") = "ReflectionProject", "ConsoleApp1\ReflectionProject.csproj", "{CC7AE746-37CC-4D4A-88AB-ADD9B1E1BF2C}"
EndProject
Project("{9A19103F-16F7-4668-BE54-9A1E7A4F7556}") = "UnitProjcet", "UnitProjcet\UnitProjcet.csproj", "{01C1675E-260B-4B69-89F2-3775A72439A0}"
EndProject
Project("{9A19103F-16F7-4668-BE54-9A1E7A4F7556}") = "UnitProject.Test", "UnitProject.Test\UnitProject.Test.csproj", "{B20C46B0-A3EC-453D-A42E-49FE84AA3EF4}"
EndProject
Project("{FAE04EC0-301F-11D3-BF4B-00C04F79EFBC}") = "MVVMLightProject", "D:\下载\12038230_vmzsxJjTucqawScPNxFvxkmIx\WPF\WPF\MVVMLightProject.csproj", "{D582BBA0-37C4-4185-8624-E0F334AE3F82}"
EndProject
Project("{FAE04EC0-301F-11D3-BF4B-00C04F79EFBC}") = "IocContainProject", "IocContainProject\IocContainProject.csproj", "{B31C28F4-905F-4770-8A19-EB8D0B82831F}"
EndProject
Global
	GlobalSection(SolutionConfigurationPlatforms) = preSolution
		Debug|Any CPU = Debug|Any CPU
		Release|Any CPU = Release|Any CPU
	EndGlobalSection
	GlobalSection(ProjectConfigurationPlatforms) = postSolution
		{E8C20B51-E13B-4F92-97BF-115241643696}.Debug|Any CPU.ActiveCfg = Debug|Any CPU
		{E8C20B51-E13B-4F92-97BF-115241643696}.Debug|Any CPU.Build.0 = Debug|Any CPU
		{E8C20B51-E13B-4F92-97BF-115241643696}.Release|Any CPU.ActiveCfg = Release|Any CPU
		{E8C20B51-E13B-4F92-97BF-115241643696}.Release|Any CPU.Build.0 = Release|Any CPU
		{CC7AE746-37CC-4D4A-88AB-ADD9B1E1BF2C}.Debug|Any CPU.ActiveCfg = Debug|Any CPU
		{CC7AE746-37CC-4D4A-88AB-ADD9B1E1BF2C}.Debug|Any CPU.Build.0 = Debug|Any CPU
		{CC7AE746-37CC-4D4A-88AB-ADD9B1E1BF2C}.Release|Any CPU.ActiveCfg = Release|Any CPU
		{CC7AE746-37CC-4D4A-88AB-ADD9B1E1BF2C}.Release|Any CPU.Build.0 = Release|Any CPU
		{01C1675E-260B-4B69-89F2-3775A72439A0}.Debug|Any CPU.ActiveCfg = Debug|Any CPU
		{01C1675E-260B-4B69-89F2-3775A72439A0}.Debug|Any CPU.Build.0 = Debug|Any CPU
		{01C1675E-260B-4B69-89F2-3775A72439A0}.Release|Any CPU.ActiveCfg = Release|Any CPU
		{01C1675E-260B-4B69-89F2-3775A72439A0}.Release|Any CPU.Build.0 = Release|Any CPU
		{B20C46B0-A3EC-453D-A42E-49FE84AA3EF4}.Debug|Any CPU.ActiveCfg = Debug|Any CPU
		{B20C46B0-A3EC-453D-A42E-49FE84AA3EF4}.Debug|Any CPU.Build.0 = Debug|Any CPU
		{B20C46B0-A3EC-453D-A42E-49FE84AA3EF4}.Release|Any CPU.ActiveCfg = Release|Any CPU
		{B20C46B0-A3EC-453D-A42E-49FE84AA3EF4}.Release|Any CPU.Build.0 = Release|Any CPU
		{D582BBA0-37C4-4185-8624-E0F334AE3F82}.Debug|Any CPU.ActiveCfg = Debug|Any CPU
		{D582BBA0-37C4-4185-8624-E0F334AE3F82}.Debug|Any CPU.Build.0 = Debug|Any CPU
		{D582BBA0-37C4-4185-8624-E0F334AE3F82}.Release|Any CPU.ActiveCfg = Release|Any CPU
		{D582BBA0-37C4-4185-8624-E0F334AE3F82}.Release|Any CPU.Build.0 = Release|Any CPU
	EndGlobalSection
	GlobalSection(SolutionProperties) = preSolution
		HideSolutionNode = FALSE
	EndGlobalSection
	GlobalSection(ExtensibilityGlobals) = postSolution
		SolutionGuid = {878C1131-C6C9-4ECB-A32E-A54961A33294}
	EndGlobalSection
EndGlobal
